
Microsoft Visual Studio Solution File, Format Version 12.00
# Visual Studio Version 17
VisualStudioVersion = 17.5.33516.290
MinimumVisualStudioVersion = 10.0.40219.1
Project("{9A19103F-16F7-4668-BE54-9A1E7A4F7556}") = "ConsoleApp", "ConsoleApp\ConsoleApp.csproj", "{30B684E0-BA84-4758-8473-6334D413B2CA}"
EndProject
Project("{FAE04EC0-301F-11D3-BF4B-00C04F79EFBC}") = "Tests", "Tests\Tests.csproj", "{0EBED68C-300B-4C9D-B43F-0A3E6AB144B5}"
EndProject
Global
	GlobalSection(SolutionConfigurationPlatforms) = preSolution
		Debug|Any CPU = Debug|Any CPU
		Release|Any CPU = Release|Any CPU
	EndGlobalSection
	GlobalSection(ProjectConfigurationPlatforms) = postSolution
		{30B684E0-BA84-4758-8473-6334D413B2CA}.Debug|Any CPU.ActiveCfg = Debug|Any CPU
		{30B684E0-BA84-4758-8473-6334D413B2CA}.Debug|Any CPU.Build.0 = Debug|Any CPU
		{30B684E0-BA84-4758-8473-6334D413B2CA}.Release|Any CPU.ActiveCfg = Release|Any CPU
		{30B684E0-BA84-4758-8473-6334D413B2CA}.Release|Any CPU.Build.0 = Release|Any CPU
		{0EBED68C-300B-4C9D-B43F-0A3E6AB144B5}.Debug|Any CPU.ActiveCfg = Debug|Any CPU
		{0EBED68C-300B-4C9D-B43F-0A3E6AB144B5}.Debug|Any CPU.Build.0 = Debug|Any CPU
		{0EBED68C-300B-4C9D-B43F-0A3E6AB144B5}.Release|Any CPU.ActiveCfg = Release|Any CPU
		{0EBED68C-300B-4C9D-B43F-0A3E6AB144B5}.Release|Any CPU.Build.0 = Release|Any CPU
	EndGlobalSection
	GlobalSection(SolutionProperties) = preSolution
		HideSolutionNode = FALSE
	EndGlobalSection
	GlobalSection(ExtensibilityGlobals) = postSolution
		SolutionGuid = {9FE97446-6735-4DB8-9C7B-81122D6FFCCD}
	EndGlobalSection
EndGlobal
